// !$*UTF8*$!
{
	archiveVersion = 1;
	classes = {
	};
	objectVersion = 51;
	objects = {

/* Begin PBXBuildFile section */
		3A06E9CC24B3CFC1003B758E /* LoginViewController.m in Sources */ = {isa = PBXBuildFile; fileRef = 3A06E9CB24B3CFC1003B758E /* LoginViewController.m */; };
		3A06E9CF24B3CFD5003B758E /* SignUpViewController.m in Sources */ = {isa = PBXBuildFile; fileRef = 3A06E9CE24B3CFD5003B758E /* SignUpViewController.m */; };
		3A06E9D224B437FD003B758E /* HomeFeedViewController.m in Sources */ = {isa = PBXBuildFile; fileRef = 3A06E9D124B437FD003B758E /* HomeFeedViewController.m */; };
		3A06E9D824B4456B003B758E /* ProfileViewController.m in Sources */ = {isa = PBXBuildFile; fileRef = 3A06E9D724B4456B003B758E /* ProfileViewController.m */; };
		3A06E9DB24B4FF0A003B758E /* PhotosViewController.m in Sources */ = {isa = PBXBuildFile; fileRef = 3A06E9DA24B4FF0A003B758E /* PhotosViewController.m */; };
		3A06E9DE24B511A8003B758E /* Post.m in Sources */ = {isa = PBXBuildFile; fileRef = 3A06E9DD24B511A8003B758E /* Post.m */; };
		3A06E9E424B519FE003B758E /* PhotoCell.m in Sources */ = {isa = PBXBuildFile; fileRef = 3A06E9E324B519FE003B758E /* PhotoCell.m */; };
		3A8481C224B6547B00A90672 /* PostDetailViewController.m in Sources */ = {isa = PBXBuildFile; fileRef = 3A8481C124B6547B00A90672 /* PostDetailViewController.m */; };
		3AF6674D24B3B667008012CE /* AppDelegate.m in Sources */ = {isa = PBXBuildFile; fileRef = 3AF6674C24B3B667008012CE /* AppDelegate.m */; };
		3AF6675024B3B667008012CE /* SceneDelegate.m in Sources */ = {isa = PBXBuildFile; fileRef = 3AF6674F24B3B667008012CE /* SceneDelegate.m */; };
		3AF6675624B3B667008012CE /* Main.storyboard in Resources */ = {isa = PBXBuildFile; fileRef = 3AF6675424B3B667008012CE /* Main.storyboard */; };
		3AF6675824B3B668008012CE /* Assets.xcassets in Resources */ = {isa = PBXBuildFile; fileRef = 3AF6675724B3B668008012CE /* Assets.xcassets */; };
		3AF6675B24B3B668008012CE /* LaunchScreen.storyboard in Resources */ = {isa = PBXBuildFile; fileRef = 3AF6675924B3B668008012CE /* LaunchScreen.storyboard */; };
		3AF6675E24B3B668008012CE /* main.m in Sources */ = {isa = PBXBuildFile; fileRef = 3AF6675D24B3B668008012CE /* main.m */; };
		3AF6676824B3B668008012CE /* InstagramTests.m in Sources */ = {isa = PBXBuildFile; fileRef = 3AF6676724B3B668008012CE /* InstagramTests.m */; };
		3AF6677324B3B668008012CE /* InstagramUITests.m in Sources */ = {isa = PBXBuildFile; fileRef = 3AF6677224B3B668008012CE /* InstagramUITests.m */; };
		950C8407AF82EC0632566166 /* Pods_Instagram_InstagramUITests.framework in Frameworks */ = {isa = PBXBuildFile; fileRef = 5AD83126E2A39CC1F996910D /* Pods_Instagram_InstagramUITests.framework */; };
		BA09C6A7F51038FF30FEF37F /* Pods_Instagram.framework in Frameworks */ = {isa = PBXBuildFile; fileRef = 12913E868298D1A8A45F07A5 /* Pods_Instagram.framework */; };
		E7D15289E08623AC7C858DC1 /* Pods_InstagramTests.framework in Frameworks */ = {isa = PBXBuildFile; fileRef = DC5A497EA3A6E9448BD0F053 /* Pods_InstagramTests.framework */; };
/* End PBXBuildFile section */

/* Begin PBXContainerItemProxy section */
		3AF6676424B3B668008012CE /* PBXContainerItemProxy */ = {
			isa = PBXContainerItemProxy;
			containerPortal = 3AF6674024B3B667008012CE /* Project object */;
			proxyType = 1;
			remoteGlobalIDString = 3AF6674724B3B667008012CE;
			remoteInfo = Instagram;
		};
		3AF6676F24B3B668008012CE /* PBXContainerItemProxy */ = {
			isa = PBXContainerItemProxy;
			containerPortal = 3AF6674024B3B667008012CE /* Project object */;
			proxyType = 1;
			remoteGlobalIDString = 3AF6674724B3B667008012CE;
			remoteInfo = Instagram;
		};
/* End PBXContainerItemProxy section */

/* Begin PBXFileReference section */
		12913E868298D1A8A45F07A5 /* Pods_Instagram.framework */ = {isa = PBXFileReference; explicitFileType = wrapper.framework; includeInIndex = 0; path = Pods_Instagram.framework; sourceTree = BUILT_PRODUCTS_DIR; };
		3A06E9CA24B3CFC1003B758E /* LoginViewController.h */ = {isa = PBXFileReference; lastKnownFileType = sourcecode.c.h; path = LoginViewController.h; sourceTree = "<group>"; };
		3A06E9CB24B3CFC1003B758E /* LoginViewController.m */ = {isa = PBXFileReference; lastKnownFileType = sourcecode.c.objc; path = LoginViewController.m; sourceTree = "<group>"; };
		3A06E9CD24B3CFD5003B758E /* SignUpViewController.h */ = {isa = PBXFileReference; lastKnownFileType = sourcecode.c.h; path = SignUpViewController.h; sourceTree = "<group>"; };
		3A06E9CE24B3CFD5003B758E /* SignUpViewController.m */ = {isa = PBXFileReference; lastKnownFileType = sourcecode.c.objc; path = SignUpViewController.m; sourceTree = "<group>"; };
		3A06E9D024B437FD003B758E /* HomeFeedViewController.h */ = {isa = PBXFileReference; lastKnownFileType = sourcecode.c.h; path = HomeFeedViewController.h; sourceTree = "<group>"; };
		3A06E9D124B437FD003B758E /* HomeFeedViewController.m */ = {isa = PBXFileReference; lastKnownFileType = sourcecode.c.objc; path = HomeFeedViewController.m; sourceTree = "<group>"; };
		3A06E9D624B4456B003B758E /* ProfileViewController.h */ = {isa = PBXFileReference; lastKnownFileType = sourcecode.c.h; path = ProfileViewController.h; sourceTree = "<group>"; };
		3A06E9D724B4456B003B758E /* ProfileViewController.m */ = {isa = PBXFileReference; lastKnownFileType = sourcecode.c.objc; path = ProfileViewController.m; sourceTree = "<group>"; };
		3A06E9D924B4FF0A003B758E /* PhotosViewController.h */ = {isa = PBXFileReference; lastKnownFileType = sourcecode.c.h; path = PhotosViewController.h; sourceTree = "<group>"; };
		3A06E9DA24B4FF0A003B758E /* PhotosViewController.m */ = {isa = PBXFileReference; lastKnownFileType = sourcecode.c.objc; path = PhotosViewController.m; sourceTree = "<group>"; };
		3A06E9DC24B511A7003B758E /* Post.h */ = {isa = PBXFileReference; lastKnownFileType = sourcecode.c.h; path = Post.h; sourceTree = "<group>"; };
		3A06E9DD24B511A8003B758E /* Post.m */ = {isa = PBXFileReference; lastKnownFileType = sourcecode.c.objc; path = Post.m; sourceTree = "<group>"; };
		3A06E9E224B519FE003B758E /* PhotoCell.h */ = {isa = PBXFileReference; lastKnownFileType = sourcecode.c.h; path = PhotoCell.h; sourceTree = "<group>"; };
		3A06E9E324B519FE003B758E /* PhotoCell.m */ = {isa = PBXFileReference; lastKnownFileType = sourcecode.c.objc; path = PhotoCell.m; sourceTree = "<group>"; };
		3A8481C024B6547B00A90672 /* PostDetailViewController.h */ = {isa = PBXFileReference; lastKnownFileType = sourcecode.c.h; path = PostDetailViewController.h; sourceTree = "<group>"; };
		3A8481C124B6547B00A90672 /* PostDetailViewController.m */ = {isa = PBXFileReference; lastKnownFileType = sourcecode.c.objc; path = PostDetailViewController.m; sourceTree = "<group>"; };
		3AF6674824B3B667008012CE /* Instagram.app */ = {isa = PBXFileReference; explicitFileType = wrapper.application; includeInIndex = 0; path = Instagram.app; sourceTree = BUILT_PRODUCTS_DIR; };
		3AF6674B24B3B667008012CE /* AppDelegate.h */ = {isa = PBXFileReference; lastKnownFileType = sourcecode.c.h; path = AppDelegate.h; sourceTree = "<group>"; };
		3AF6674C24B3B667008012CE /* AppDelegate.m */ = {isa = PBXFileReference; lastKnownFileType = sourcecode.c.objc; path = AppDelegate.m; sourceTree = "<group>"; };
		3AF6674E24B3B667008012CE /* SceneDelegate.h */ = {isa = PBXFileReference; lastKnownFileType = sourcecode.c.h; path = SceneDelegate.h; sourceTree = "<group>"; };
		3AF6674F24B3B667008012CE /* SceneDelegate.m */ = {isa = PBXFileReference; lastKnownFileType = sourcecode.c.objc; path = SceneDelegate.m; sourceTree = "<group>"; };
		3AF6675524B3B667008012CE /* Base */ = {isa = PBXFileReference; lastKnownFileType = file.storyboard; name = Base; path = Base.lproj/Main.storyboard; sourceTree = "<group>"; };
		3AF6675724B3B668008012CE /* Assets.xcassets */ = {isa = PBXFileReference; lastKnownFileType = folder.assetcatalog; path = Assets.xcassets; sourceTree = "<group>"; };
		3AF6675A24B3B668008012CE /* Base */ = {isa = PBXFileReference; lastKnownFileType = file.storyboard; name = Base; path = Base.lproj/LaunchScreen.storyboard; sourceTree = "<group>"; };
		3AF6675C24B3B668008012CE /* Info.plist */ = {isa = PBXFileReference; lastKnownFileType = text.plist.xml; path = Info.plist; sourceTree = "<group>"; };
		3AF6675D24B3B668008012CE /* main.m */ = {isa = PBXFileReference; lastKnownFileType = sourcecode.c.objc; path = main.m; sourceTree = "<group>"; };
		3AF6676324B3B668008012CE /* InstagramTests.xctest */ = {isa = PBXFileReference; explicitFileType = wrapper.cfbundle; includeInIndex = 0; path = InstagramTests.xctest; sourceTree = BUILT_PRODUCTS_DIR; };
		3AF6676724B3B668008012CE /* InstagramTests.m */ = {isa = PBXFileReference; lastKnownFileType = sourcecode.c.objc; path = InstagramTests.m; sourceTree = "<group>"; };
		3AF6676924B3B668008012CE /* Info.plist */ = {isa = PBXFileReference; lastKnownFileType = text.plist.xml; path = Info.plist; sourceTree = "<group>"; };
		3AF6676E24B3B668008012CE /* InstagramUITests.xctest */ = {isa = PBXFileReference; explicitFileType = wrapper.cfbundle; includeInIndex = 0; path = InstagramUITests.xctest; sourceTree = BUILT_PRODUCTS_DIR; };
		3AF6677224B3B668008012CE /* InstagramUITests.m */ = {isa = PBXFileReference; lastKnownFileType = sourcecode.c.objc; path = InstagramUITests.m; sourceTree = "<group>"; };
		3AF6677424B3B668008012CE /* Info.plist */ = {isa = PBXFileReference; lastKnownFileType = text.plist.xml; path = Info.plist; sourceTree = "<group>"; };
		3DAFEDF99CA87593BB2528A3 /* Pods-Instagram.debug.xcconfig */ = {isa = PBXFileReference; includeInIndex = 1; lastKnownFileType = text.xcconfig; name = "Pods-Instagram.debug.xcconfig"; path = "Target Support Files/Pods-Instagram/Pods-Instagram.debug.xcconfig"; sourceTree = "<group>"; };
		5AD83126E2A39CC1F996910D /* Pods_Instagram_InstagramUITests.framework */ = {isa = PBXFileReference; explicitFileType = wrapper.framework; includeInIndex = 0; path = Pods_Instagram_InstagramUITests.framework; sourceTree = BUILT_PRODUCTS_DIR; };
		8E30BF35EF9D1BBC855EE777 /* Pods-Instagram-InstagramUITests.release.xcconfig */ = {isa = PBXFileReference; includeInIndex = 1; lastKnownFileType = text.xcconfig; name = "Pods-Instagram-InstagramUITests.release.xcconfig"; path = "Target Support Files/Pods-Instagram-InstagramUITests/Pods-Instagram-InstagramUITests.release.xcconfig"; sourceTree = "<group>"; };
		979AD59AEFC1C35129B5C8BC /* Pods-Instagram-InstagramUITests.debug.xcconfig */ = {isa = PBXFileReference; includeInIndex = 1; lastKnownFileType = text.xcconfig; name = "Pods-Instagram-InstagramUITests.debug.xcconfig"; path = "Target Support Files/Pods-Instagram-InstagramUITests/Pods-Instagram-InstagramUITests.debug.xcconfig"; sourceTree = "<group>"; };
		A067BB99F6D3F7BC58E4C98D /* Pods-InstagramTests.debug.xcconfig */ = {isa = PBXFileReference; includeInIndex = 1; lastKnownFileType = text.xcconfig; name = "Pods-InstagramTests.debug.xcconfig"; path = "Target Support Files/Pods-InstagramTests/Pods-InstagramTests.debug.xcconfig"; sourceTree = "<group>"; };
		A38D1EFDE2104C452E2E28A9 /* Pods-Instagram.release.xcconfig */ = {isa = PBXFileReference; includeInIndex = 1; lastKnownFileType = text.xcconfig; name = "Pods-Instagram.release.xcconfig"; path = "Target Support Files/Pods-Instagram/Pods-Instagram.release.xcconfig"; sourceTree = "<group>"; };
		C33AC5DA74A3CA1BA7992EC2 /* Pods-InstagramTests.release.xcconfig */ = {isa = PBXFileReference; includeInIndex = 1; lastKnownFileType = text.xcconfig; name = "Pods-InstagramTests.release.xcconfig"; path = "Target Support Files/Pods-InstagramTests/Pods-InstagramTests.release.xcconfig"; sourceTree = "<group>"; };
		DC5A497EA3A6E9448BD0F053 /* Pods_InstagramTests.framework */ = {isa = PBXFileReference; explicitFileType = wrapper.framework; includeInIndex = 0; path = Pods_InstagramTests.framework; sourceTree = BUILT_PRODUCTS_DIR; };
/* End PBXFileReference section */

/* Begin PBXFrameworksBuildPhase section */
		3AF6674524B3B667008012CE /* Frameworks */ = {
			isa = PBXFrameworksBuildPhase;
			buildActionMask = 2147483647;
			files = (
				BA09C6A7F51038FF30FEF37F /* Pods_Instagram.framework in Frameworks */,
			);
			runOnlyForDeploymentPostprocessing = 0;
		};
		3AF6676024B3B668008012CE /* Frameworks */ = {
			isa = PBXFrameworksBuildPhase;
			buildActionMask = 2147483647;
			files = (
				E7D15289E08623AC7C858DC1 /* Pods_InstagramTests.framework in Frameworks */,
			);
			runOnlyForDeploymentPostprocessing = 0;
		};
		3AF6676B24B3B668008012CE /* Frameworks */ = {
			isa = PBXFrameworksBuildPhase;
			buildActionMask = 2147483647;
			files = (
				950C8407AF82EC0632566166 /* Pods_Instagram_InstagramUITests.framework in Frameworks */,
			);
			runOnlyForDeploymentPostprocessing = 0;
		};
/* End PBXFrameworksBuildPhase section */

/* Begin PBXGroup section */
		0D3C4A4D6B4249177BCF511D /* Pods */ = {
			isa = PBXGroup;
			children = (
				3DAFEDF99CA87593BB2528A3 /* Pods-Instagram.debug.xcconfig */,
				A38D1EFDE2104C452E2E28A9 /* Pods-Instagram.release.xcconfig */,
				979AD59AEFC1C35129B5C8BC /* Pods-Instagram-InstagramUITests.debug.xcconfig */,
				8E30BF35EF9D1BBC855EE777 /* Pods-Instagram-InstagramUITests.release.xcconfig */,
				A067BB99F6D3F7BC58E4C98D /* Pods-InstagramTests.debug.xcconfig */,
				C33AC5DA74A3CA1BA7992EC2 /* Pods-InstagramTests.release.xcconfig */,
			);
			path = Pods;
			sourceTree = "<group>";
		};
		3A06E9C624B3CF5B003B758E /* Models */ = {
			isa = PBXGroup;
			children = (
				3A06E9DC24B511A7003B758E /* Post.h */,
				3A06E9DD24B511A8003B758E /* Post.m */,
			);
			path = Models;
			sourceTree = "<group>";
		};
		3A06E9C724B3CF6C003B758E /* Views */ = {
			isa = PBXGroup;
			children = (
				3A06E9E224B519FE003B758E /* PhotoCell.h */,
				3A06E9E324B519FE003B758E /* PhotoCell.m */,
			);
			path = Views;
			sourceTree = "<group>";
		};
		3A06E9C824B3CF71003B758E /* View Controllers */ = {
			isa = PBXGroup;
			children = (
				3A06E9CA24B3CFC1003B758E /* LoginViewController.h */,
				3A06E9CB24B3CFC1003B758E /* LoginViewController.m */,
				3A06E9CD24B3CFD5003B758E /* SignUpViewController.h */,
				3A06E9CE24B3CFD5003B758E /* SignUpViewController.m */,
				3A06E9D024B437FD003B758E /* HomeFeedViewController.h */,
				3A06E9D124B437FD003B758E /* HomeFeedViewController.m */,
				3A06E9D624B4456B003B758E /* ProfileViewController.h */,
				3A06E9D724B4456B003B758E /* ProfileViewController.m */,
				3A06E9D924B4FF0A003B758E /* PhotosViewController.h */,
				3A06E9DA24B4FF0A003B758E /* PhotosViewController.m */,
				3A8481C024B6547B00A90672 /* PostDetailViewController.h */,
				3A8481C124B6547B00A90672 /* PostDetailViewController.m */,
			);
			path = "View Controllers";
			sourceTree = "<group>";
		};
		3A06E9C924B3CF99003B758E /* API */ = {
			isa = PBXGroup;
			children = (
			);
			path = API;
			sourceTree = "<group>";
		};
		3AF6673F24B3B667008012CE = {
			isa = PBXGroup;
			children = (
				3AF6674A24B3B667008012CE /* Instagram */,
				3AF6676624B3B668008012CE /* InstagramTests */,
				3AF6677124B3B668008012CE /* InstagramUITests */,
				3AF6674924B3B667008012CE /* Products */,
				0D3C4A4D6B4249177BCF511D /* Pods */,
				B1E4BD0B41504A1FA2D18134 /* Frameworks */,
			);
			sourceTree = "<group>";
		};
		3AF6674924B3B667008012CE /* Products */ = {
			isa = PBXGroup;
			children = (
				3AF6674824B3B667008012CE /* Instagram.app */,
				3AF6676324B3B668008012CE /* InstagramTests.xctest */,
				3AF6676E24B3B668008012CE /* InstagramUITests.xctest */,
			);
			name = Products;
			sourceTree = "<group>";
		};
		3AF6674A24B3B667008012CE /* Instagram */ = {
			isa = PBXGroup;
			children = (
				3A06E9C924B3CF99003B758E /* API */,
				3A06E9C824B3CF71003B758E /* View Controllers */,
				3A06E9C724B3CF6C003B758E /* Views */,
				3A06E9C624B3CF5B003B758E /* Models */,
				3AF6674B24B3B667008012CE /* AppDelegate.h */,
				3AF6674C24B3B667008012CE /* AppDelegate.m */,
				3AF6674E24B3B667008012CE /* SceneDelegate.h */,
				3AF6674F24B3B667008012CE /* SceneDelegate.m */,
				3AF6675424B3B667008012CE /* Main.storyboard */,
				3AF6675724B3B668008012CE /* Assets.xcassets */,
				3AF6675924B3B668008012CE /* LaunchScreen.storyboard */,
				3AF6675C24B3B668008012CE /* Info.plist */,
				3AF6675D24B3B668008012CE /* main.m */,
			);
			path = Instagram;
			sourceTree = "<group>";
		};
		3AF6676624B3B668008012CE /* InstagramTests */ = {
			isa = PBXGroup;
			children = (
				3AF6676724B3B668008012CE /* InstagramTests.m */,
				3AF6676924B3B668008012CE /* Info.plist */,
			);
			path = InstagramTests;
			sourceTree = "<group>";
		};
		3AF6677124B3B668008012CE /* InstagramUITests */ = {
			isa = PBXGroup;
			children = (
				3AF6677224B3B668008012CE /* InstagramUITests.m */,
				3AF6677424B3B668008012CE /* Info.plist */,
			);
			path = InstagramUITests;
			sourceTree = "<group>";
		};
		B1E4BD0B41504A1FA2D18134 /* Frameworks */ = {
			isa = PBXGroup;
			children = (
				12913E868298D1A8A45F07A5 /* Pods_Instagram.framework */,
				5AD83126E2A39CC1F996910D /* Pods_Instagram_InstagramUITests.framework */,
				DC5A497EA3A6E9448BD0F053 /* Pods_InstagramTests.framework */,
			);
			name = Frameworks;
			sourceTree = "<group>";
		};
/* End PBXGroup section */

/* Begin PBXNativeTarget section */
		3AF6674724B3B667008012CE /* Instagram */ = {
			isa = PBXNativeTarget;
			buildConfigurationList = 3AF6677724B3B668008012CE /* Build configuration list for PBXNativeTarget "Instagram" */;
			buildPhases = (
				19F9F016EC2A3A4068FA13EC /* [CP] Check Pods Manifest.lock */,
				3AF6674424B3B667008012CE /* Sources */,
				3AF6674524B3B667008012CE /* Frameworks */,
				3AF6674624B3B667008012CE /* Resources */,
				4FA0C98530EB494CF3DB3220 /* [CP] Embed Pods Frameworks */,
			);
			buildRules = (
			);
			dependencies = (
			);
			name = Instagram;
			productName = Instagram;
			productReference = 3AF6674824B3B667008012CE /* Instagram.app */;
			productType = "com.apple.product-type.application";
		};
		3AF6676224B3B668008012CE /* InstagramTests */ = {
			isa = PBXNativeTarget;
			buildConfigurationList = 3AF6677A24B3B668008012CE /* Build configuration list for PBXNativeTarget "InstagramTests" */;
			buildPhases = (
				AD837A79CB9B919EE46F6763 /* [CP] Check Pods Manifest.lock */,
				3AF6675F24B3B668008012CE /* Sources */,
				3AF6676024B3B668008012CE /* Frameworks */,
				3AF6676124B3B668008012CE /* Resources */,
			);
			buildRules = (
			);
			dependencies = (
				3AF6676524B3B668008012CE /* PBXTargetDependency */,
			);
			name = InstagramTests;
			productName = InstagramTests;
			productReference = 3AF6676324B3B668008012CE /* InstagramTests.xctest */;
			productType = "com.apple.product-type.bundle.unit-test";
		};
		3AF6676D24B3B668008012CE /* InstagramUITests */ = {
			isa = PBXNativeTarget;
			buildConfigurationList = 3AF6677D24B3B668008012CE /* Build configuration list for PBXNativeTarget "InstagramUITests" */;
			buildPhases = (
				23C559A254D7643DE0334AF2 /* [CP] Check Pods Manifest.lock */,
				3AF6676A24B3B668008012CE /* Sources */,
				3AF6676B24B3B668008012CE /* Frameworks */,
				3AF6676C24B3B668008012CE /* Resources */,
				787E858464238344243D000C /* [CP] Embed Pods Frameworks */,
			);
			buildRules = (
			);
			dependencies = (
				3AF6677024B3B668008012CE /* PBXTargetDependency */,
			);
			name = InstagramUITests;
			productName = InstagramUITests;
			productReference = 3AF6676E24B3B668008012CE /* InstagramUITests.xctest */;
			productType = "com.apple.product-type.bundle.ui-testing";
		};
/* End PBXNativeTarget section */

/* Begin PBXProject section */
		3AF6674024B3B667008012CE /* Project object */ = {
			isa = PBXProject;
			attributes = {
				LastUpgradeCheck = 1150;
				ORGANIZATIONNAME = jazgill;
				TargetAttributes = {
					3AF6674724B3B667008012CE = {
						CreatedOnToolsVersion = 11.5;
					};
					3AF6676224B3B668008012CE = {
						CreatedOnToolsVersion = 11.5;
						TestTargetID = 3AF6674724B3B667008012CE;
					};
					3AF6676D24B3B668008012CE = {
						CreatedOnToolsVersion = 11.5;
						TestTargetID = 3AF6674724B3B667008012CE;
					};
				};
			};
			buildConfigurationList = 3AF6674324B3B667008012CE /* Build configuration list for PBXProject "Instagram" */;
			compatibilityVersion = "Xcode 9.3";
			developmentRegion = en;
			hasScannedForEncodings = 0;
			knownRegions = (
				en,
				Base,
			);
			mainGroup = 3AF6673F24B3B667008012CE;
			productRefGroup = 3AF6674924B3B667008012CE /* Products */;
			projectDirPath = "";
			projectRoot = "";
			targets = (
				3AF6674724B3B667008012CE /* Instagram */,
				3AF6676224B3B668008012CE /* InstagramTests */,
				3AF6676D24B3B668008012CE /* InstagramUITests */,
			);
		};
/* End PBXProject section */

/* Begin PBXResourcesBuildPhase section */
		3AF6674624B3B667008012CE /* Resources */ = {
			isa = PBXResourcesBuildPhase;
			buildActionMask = 2147483647;
			files = (
				3AF6675B24B3B668008012CE /* LaunchScreen.storyboard in Resources */,
				3AF6675824B3B668008012CE /* Assets.xcassets in Resources */,
				3AF6675624B3B667008012CE /* Main.storyboard in Resources */,
			);
			runOnlyForDeploymentPostprocessing = 0;
		};
		3AF6676124B3B668008012CE /* Resources */ = {
			isa = PBXResourcesBuildPhase;
			buildActionMask = 2147483647;
			files = (
			);
			runOnlyForDeploymentPostprocessing = 0;
		};
		3AF6676C24B3B668008012CE /* Resources */ = {
			isa = PBXResourcesBuildPhase;
			buildActionMask = 2147483647;
			files = (
			);
			runOnlyForDeploymentPostprocessing = 0;
		};
/* End PBXResourcesBuildPhase section */

/* Begin PBXShellScriptBuildPhase section */
		19F9F016EC2A3A4068FA13EC /* [CP] Check Pods Manifest.lock */ = {
			isa = PBXShellScriptBuildPhase;
			buildActionMask = 2147483647;
			files = (
			);
			inputFileListPaths = (
			);
			inputPaths = (
				"${PODS_PODFILE_DIR_PATH}/Podfile.lock",
				"${PODS_ROOT}/Manifest.lock",
			);
			name = "[CP] Check Pods Manifest.lock";
			outputFileListPaths = (
			);
			outputPaths = (
				"$(DERIVED_FILE_DIR)/Pods-Instagram-checkManifestLockResult.txt",
			);
			runOnlyForDeploymentPostprocessing = 0;
			shellPath = /bin/sh;
			shellScript = "diff \"${PODS_PODFILE_DIR_PATH}/Podfile.lock\" \"${PODS_ROOT}/Manifest.lock\" > /dev/null\nif [ $? != 0 ] ; then\n    # print error to STDERR\n    echo \"error: The sandbox is not in sync with the Podfile.lock. Run 'pod install' or update your CocoaPods installation.\" >&2\n    exit 1\nfi\n# This output is used by Xcode 'outputs' to avoid re-running this script phase.\necho \"SUCCESS\" > \"${SCRIPT_OUTPUT_FILE_0}\"\n";
			showEnvVarsInLog = 0;
		};
		23C559A254D7643DE0334AF2 /* [CP] Check Pods Manifest.lock */ = {
			isa = PBXShellScriptBuildPhase;
			buildActionMask = 2147483647;
			files = (
			);
			inputFileListPaths = (
			);
			inputPaths = (
				"${PODS_PODFILE_DIR_PATH}/Podfile.lock",
				"${PODS_ROOT}/Manifest.lock",
			);
			name = "[CP] Check Pods Manifest.lock";
			outputFileListPaths = (
			);
			outputPaths = (
				"$(DERIVED_FILE_DIR)/Pods-Instagram-InstagramUITests-checkManifestLockResult.txt",
			);
			runOnlyForDeploymentPostprocessing = 0;
			shellPath = /bin/sh;
			shellScript = "diff \"${PODS_PODFILE_DIR_PATH}/Podfile.lock\" \"${PODS_ROOT}/Manifest.lock\" > /dev/null\nif [ $? != 0 ] ; then\n    # print error to STDERR\n    echo \"error: The sandbox is not in sync with the Podfile.lock. Run 'pod install' or update your CocoaPods installation.\" >&2\n    exit 1\nfi\n# This output is used by Xcode 'outputs' to avoid re-running this script phase.\necho \"SUCCESS\" > \"${SCRIPT_OUTPUT_FILE_0}\"\n";
			showEnvVarsInLog = 0;
		};
		4FA0C98530EB494CF3DB3220 /* [CP] Embed Pods Frameworks */ = {
			isa = PBXShellScriptBuildPhase;
			buildActionMask = 2147483647;
			files = (
			);
			inputFileListPaths = (
				"${PODS_ROOT}/Target Support Files/Pods-Instagram/Pods-Instagram-frameworks-${CONFIGURATION}-input-files.xcfilelist",
			);
			name = "[CP] Embed Pods Frameworks";
			outputFileListPaths = (
				"${PODS_ROOT}/Target Support Files/Pods-Instagram/Pods-Instagram-frameworks-${CONFIGURATION}-output-files.xcfilelist",
			);
			runOnlyForDeploymentPostprocessing = 0;
			shellPath = /bin/sh;
			shellScript = "\"${PODS_ROOT}/Target Support Files/Pods-Instagram/Pods-Instagram-frameworks.sh\"\n";
			showEnvVarsInLog = 0;
		};
		787E858464238344243D000C /* [CP] Embed Pods Frameworks */ = {
			isa = PBXShellScriptBuildPhase;
			buildActionMask = 2147483647;
			files = (
			);
			inputFileListPaths = (
				"${PODS_ROOT}/Target Support Files/Pods-Instagram-InstagramUITests/Pods-Instagram-InstagramUITests-frameworks-${CONFIGURATION}-input-files.xcfilelist",
			);
			name = "[CP] Embed Pods Frameworks";
			outputFileListPaths = (
				"${PODS_ROOT}/Target Support Files/Pods-Instagram-InstagramUITests/Pods-Instagram-InstagramUITests-frameworks-${CONFIGURATION}-output-files.xcfilelist",
			);
			runOnlyForDeploymentPostprocessing = 0;
			shellPath = /bin/sh;
			shellScript = "\"${PODS_ROOT}/Target Support Files/Pods-Instagram-InstagramUITests/Pods-Instagram-InstagramUITests-frameworks.sh\"\n";
			showEnvVarsInLog = 0;
		};
		AD837A79CB9B919EE46F6763 /* [CP] Check Pods Manifest.lock */ = {
			isa = PBXShellScriptBuildPhase;
			buildActionMask = 2147483647;
			files = (
			);
			inputFileListPaths = (
			);
			inputPaths = (
				"${PODS_PODFILE_DIR_PATH}/Podfile.lock",
				"${PODS_ROOT}/Manifest.lock",
			);
			name = "[CP] Check Pods Manifest.lock";
			outputFileListPaths = (
			);
			outputPaths = (
				"$(DERIVED_FILE_DIR)/Pods-InstagramTests-checkManifestLockResult.txt",
			);
			runOnlyForDeploymentPostprocessing = 0;
			shellPath = /bin/sh;
			shellScript = "diff \"${PODS_PODFILE_DIR_PATH}/Podfile.lock\" \"${PODS_ROOT}/Manifest.lock\" > /dev/null\nif [ $? != 0 ] ; then\n    # print error to STDERR\n    echo \"error: The sandbox is not in sync with the Podfile.lock. Run 'pod install' or update your CocoaPods installation.\" >&2\n    exit 1\nfi\n# This output is used by Xcode 'outputs' to avoid re-running this script phase.\necho \"SUCCESS\" > \"${SCRIPT_OUTPUT_FILE_0}\"\n";
			showEnvVarsInLog = 0;
		};
/* End PBXShellScriptBuildPhase section */

/* Begin PBXSourcesBuildPhase section */
		3AF6674424B3B667008012CE /* Sources */ = {
			isa = PBXSourcesBuildPhase;
			buildActionMask = 2147483647;
			files = (
				3A06E9D224B437FD003B758E /* HomeFeedViewController.m in Sources */,
				3A06E9CC24B3CFC1003B758E /* LoginViewController.m in Sources */,
				3A06E9CF24B3CFD5003B758E /* SignUpViewController.m in Sources */,
				3AF6674D24B3B667008012CE /* AppDelegate.m in Sources */,
				3A06E9DE24B511A8003B758E /* Post.m in Sources */,
				3A06E9D824B4456B003B758E /* ProfileViewController.m in Sources */,
				3A8481C224B6547B00A90672 /* PostDetailViewController.m in Sources */,
				3A06E9E424B519FE003B758E /* PhotoCell.m in Sources */,
				3A06E9DB24B4FF0A003B758E /* PhotosViewController.m in Sources */,
				3AF6675E24B3B668008012CE /* main.m in Sources */,
				3AF6675024B3B667008012CE /* SceneDelegate.m in Sources */,
			);
			runOnlyForDeploymentPostprocessing = 0;
		};
		3AF6675F24B3B668008012CE /* Sources */ = {
			isa = PBXSourcesBuildPhase;
			buildActionMask = 2147483647;
			files = (
				3AF6676824B3B668008012CE /* InstagramTests.m in Sources */,
			);
			runOnlyForDeploymentPostprocessing = 0;
		};
		3AF6676A24B3B668008012CE /* Sources */ = {
			isa = PBXSourcesBuildPhase;
			buildActionMask = 2147483647;
			files = (
				3AF6677324B3B668008012CE /* InstagramUITests.m in Sources */,
			);
			runOnlyForDeploymentPostprocessing = 0;
		};
/* End PBXSourcesBuildPhase section */

/* Begin PBXTargetDependency section */
		3AF6676524B3B668008012CE /* PBXTargetDependency */ = {
			isa = PBXTargetDependency;
			target = 3AF6674724B3B667008012CE /* Instagram */;
			targetProxy = 3AF6676424B3B668008012CE /* PBXContainerItemProxy */;
		};
		3AF6677024B3B668008012CE /* PBXTargetDependency */ = {
			isa = PBXTargetDependency;
			target = 3AF6674724B3B667008012CE /* Instagram */;
			targetProxy = 3AF6676F24B3B668008012CE /* PBXContainerItemProxy */;
		};
/* End PBXTargetDependency section */

/* Begin PBXVariantGroup section */
		3AF6675424B3B667008012CE /* Main.storyboard */ = {
			isa = PBXVariantGroup;
			children = (
				3AF6675524B3B667008012CE /* Base */,
			);
			name = Main.storyboard;
			sourceTree = "<group>";
		};
		3AF6675924B3B668008012CE /* LaunchScreen.storyboard */ = {
			isa = PBXVariantGroup;
			children = (
				3AF6675A24B3B668008012CE /* Base */,
			);
			name = LaunchScreen.storyboard;
			sourceTree = "<group>";
		};
/* End PBXVariantGroup section */

/* Begin XCBuildConfiguration section */
		3AF6677524B3B668008012CE /* Debug */ = {
			isa = XCBuildConfiguration;
			buildSettings = {
				ALWAYS_SEARCH_USER_PATHS = NO;
				CLANG_ANALYZER_NONNULL = YES;
				CLANG_ANALYZER_NUMBER_OBJECT_CONVERSION = YES_AGGRESSIVE;
				CLANG_CXX_LANGUAGE_STANDARD = "gnu++14";
				CLANG_CXX_LIBRARY = "libc++";
				CLANG_ENABLE_MODULES = YES;
				CLANG_ENABLE_OBJC_ARC = YES;
				CLANG_ENABLE_OBJC_WEAK = YES;
				CLANG_WARN_BLOCK_CAPTURE_AUTORELEASING = YES;
				CLANG_WARN_BOOL_CONVERSION = YES;
				CLANG_WARN_COMMA = YES;
				CLANG_WARN_CONSTANT_CONVERSION = YES;
				CLANG_WARN_DEPRECATED_OBJC_IMPLEMENTATIONS = YES;
				CLANG_WARN_DIRECT_OBJC_ISA_USAGE = YES_ERROR;
				CLANG_WARN_DOCUMENTATION_COMMENTS = YES;
				CLANG_WARN_EMPTY_BODY = YES;
				CLANG_WARN_ENUM_CONVERSION = YES;
				CLANG_WARN_INFINITE_RECURSION = YES;
				CLANG_WARN_INT_CONVERSION = YES;
				CLANG_WARN_NON_LITERAL_NULL_CONVERSION = YES;
				CLANG_WARN_OBJC_IMPLICIT_RETAIN_SELF = YES;
				CLANG_WARN_OBJC_LITERAL_CONVERSION = YES;
				CLANG_WARN_OBJC_ROOT_CLASS = YES_ERROR;
				CLANG_WARN_RANGE_LOOP_ANALYSIS = YES;
				CLANG_WARN_STRICT_PROTOTYPES = YES;
				CLANG_WARN_SUSPICIOUS_MOVE = YES;
				CLANG_WARN_UNGUARDED_AVAILABILITY = YES_AGGRESSIVE;
				CLANG_WARN_UNREACHABLE_CODE = YES;
				CLANG_WARN__DUPLICATE_METHOD_MATCH = YES;
				COPY_PHASE_STRIP = NO;
				DEBUG_INFORMATION_FORMAT = dwarf;
				ENABLE_STRICT_OBJC_MSGSEND = YES;
				ENABLE_TESTABILITY = YES;
				GCC_C_LANGUAGE_STANDARD = gnu11;
				GCC_DYNAMIC_NO_PIC = NO;
				GCC_NO_COMMON_BLOCKS = YES;
				GCC_OPTIMIZATION_LEVEL = 0;
				GCC_PREPROCESSOR_DEFINITIONS = (
					"DEBUG=1",
					"$(inherited)",
				);
				GCC_WARN_64_TO_32_BIT_CONVERSION = YES;
				GCC_WARN_ABOUT_RETURN_TYPE = YES_ERROR;
				GCC_WARN_UNDECLARED_SELECTOR = YES;
				GCC_WARN_UNINITIALIZED_AUTOS = YES_AGGRESSIVE;
				GCC_WARN_UNUSED_FUNCTION = YES;
				GCC_WARN_UNUSED_VARIABLE = YES;
				IPHONEOS_DEPLOYMENT_TARGET = 13.5;
				MTL_ENABLE_DEBUG_INFO = INCLUDE_SOURCE;
				MTL_FAST_MATH = YES;
				ONLY_ACTIVE_ARCH = YES;
				SDKROOT = iphoneos;
			};
			name = Debug;
		};
		3AF6677624B3B668008012CE /* Release */ = {
			isa = XCBuildConfiguration;
			buildSettings = {
				ALWAYS_SEARCH_USER_PATHS = NO;
				CLANG_ANALYZER_NONNULL = YES;
				CLANG_ANALYZER_NUMBER_OBJECT_CONVERSION = YES_AGGRESSIVE;
				CLANG_CXX_LANGUAGE_STANDARD = "gnu++14";
				CLANG_CXX_LIBRARY = "libc++";
				CLANG_ENABLE_MODULES = YES;
				CLANG_ENABLE_OBJC_ARC = YES;
				CLANG_ENABLE_OBJC_WEAK = YES;
				CLANG_WARN_BLOCK_CAPTURE_AUTORELEASING = YES;
				CLANG_WARN_BOOL_CONVERSION = YES;
				CLANG_WARN_COMMA = YES;
				CLANG_WARN_CONSTANT_CONVERSION = YES;
				CLANG_WARN_DEPRECATED_OBJC_IMPLEMENTATIONS = YES;
				CLANG_WARN_DIRECT_OBJC_ISA_USAGE = YES_ERROR;
				CLANG_WARN_DOCUMENTATION_COMMENTS = YES;
				CLANG_WARN_EMPTY_BODY = YES;
				CLANG_WARN_ENUM_CONVERSION = YES;
				CLANG_WARN_INFINITE_RECURSION = YES;
				CLANG_WARN_INT_CONVERSION = YES;
				CLANG_WARN_NON_LITERAL_NULL_CONVERSION = YES;
				CLANG_WARN_OBJC_IMPLICIT_RETAIN_SELF = YES;
				CLANG_WARN_OBJC_LITERAL_CONVERSION = YES;
				CLANG_WARN_OBJC_ROOT_CLASS = YES_ERROR;
				CLANG_WARN_RANGE_LOOP_ANALYSIS = YES;
				CLANG_WARN_STRICT_PROTOTYPES = YES;
				CLANG_WARN_SUSPICIOUS_MOVE = YES;
				CLANG_WARN_UNGUARDED_AVAILABILITY = YES_AGGRESSIVE;
				CLANG_WARN_UNREACHABLE_CODE = YES;
				CLANG_WARN__DUPLICATE_METHOD_MATCH = YES;
				COPY_PHASE_STRIP = NO;
				DEBUG_INFORMATION_FORMAT = "dwarf-with-dsym";
				ENABLE_NS_ASSERTIONS = NO;
				ENABLE_STRICT_OBJC_MSGSEND = YES;
				GCC_C_LANGUAGE_STANDARD = gnu11;
				GCC_NO_COMMON_BLOCKS = YES;
				GCC_WARN_64_TO_32_BIT_CONVERSION = YES;
				GCC_WARN_ABOUT_RETURN_TYPE = YES_ERROR;
				GCC_WARN_UNDECLARED_SELECTOR = YES;
				GCC_WARN_UNINITIALIZED_AUTOS = YES_AGGRESSIVE;
				GCC_WARN_UNUSED_FUNCTION = YES;
				GCC_WARN_UNUSED_VARIABLE = YES;
				IPHONEOS_DEPLOYMENT_TARGET = 13.5;
				MTL_ENABLE_DEBUG_INFO = NO;
				MTL_FAST_MATH = YES;
				SDKROOT = iphoneos;
				VALIDATE_PRODUCT = YES;
			};
			name = Release;
		};
		3AF6677824B3B668008012CE /* Debug */ = {
			isa = XCBuildConfiguration;
			baseConfigurationReference = 3DAFEDF99CA87593BB2528A3 /* Pods-Instagram.debug.xcconfig */;
			buildSettings = {
				ASSETCATALOG_COMPILER_APPICON_NAME = AppIcon;
				CODE_SIGN_STYLE = Automatic;
				INFOPLIST_FILE = Instagram/Info.plist;
				LD_RUNPATH_SEARCH_PATHS = (
					"$(inherited)",
					"@executable_path/Frameworks",
				);
				PRODUCT_BUNDLE_IDENTIFIER = com.jazgill.Instagram;
				PRODUCT_NAME = "$(TARGET_NAME)";
				TARGETED_DEVICE_FAMILY = "1,2";
			};
			name = Debug;
		};
		3AF6677924B3B668008012CE /* Release */ = {
			isa = XCBuildConfiguration;
			baseConfigurationReference = A38D1EFDE2104C452E2E28A9 /* Pods-Instagram.release.xcconfig */;
			buildSettings = {
				ASSETCATALOG_COMPILER_APPICON_NAME = AppIcon;
				CODE_SIGN_STYLE = Automatic;
				INFOPLIST_FILE = Instagram/Info.plist;
				LD_RUNPATH_SEARCH_PATHS = (
					"$(inherited)",
					"@executable_path/Frameworks",
				);
				PRODUCT_BUNDLE_IDENTIFIER = com.jazgill.Instagram;
				PRODUCT_NAME = "$(TARGET_NAME)";
				TARGETED_DEVICE_FAMILY = "1,2";
			};
			name = Release;
		};
		3AF6677B24B3B668008012CE /* Debug */ = {
			isa = XCBuildConfiguration;
			baseConfigurationReference = A067BB99F6D3F7BC58E4C98D /* Pods-InstagramTests.debug.xcconfig */;
			buildSettings = {
				BUNDLE_LOADER = "$(TEST_HOST)";
				CODE_SIGN_STYLE = Automatic;
				INFOPLIST_FILE = InstagramTests/Info.plist;
				IPHONEOS_DEPLOYMENT_TARGET = 13.5;
				LD_RUNPATH_SEARCH_PATHS = (
					"$(inherited)",
					"@executable_path/Frameworks",
					"@loader_path/Frameworks",
				);
				PRODUCT_BUNDLE_IDENTIFIER = com.jazgill.InstagramTests;
				PRODUCT_NAME = "$(TARGET_NAME)";
				TARGETED_DEVICE_FAMILY = "1,2";
				TEST_HOST = "$(BUILT_PRODUCTS_DIR)/Instagram.app/Instagram";
			};
			name = Debug;
		};
		3AF6677C24B3B668008012CE /* Release */ = {
			isa = XCBuildConfiguration;
			baseConfigurationReference = C33AC5DA74A3CA1BA7992EC2 /* Pods-InstagramTests.release.xcconfig */;
			buildSettings = {
				BUNDLE_LOADER = "$(TEST_HOST)";
				CODE_SIGN_STYLE = Automatic;
				INFOPLIST_FILE = InstagramTests/Info.plist;
				IPHONEOS_DEPLOYMENT_TARGET = 13.5;
				LD_RUNPATH_SEARCH_PATHS = (
					"$(inherited)",
					"@executable_path/Frameworks",
					"@loader_path/Frameworks",
				);
				PRODUCT_BUNDLE_IDENTIFIER = com.jazgill.InstagramTests;
				PRODUCT_NAME = "$(TARGET_NAME)";
				TARGETED_DEVICE_FAMILY = "1,2";
				TEST_HOST = "$(BUILT_PRODUCTS_DIR)/Instagram.app/Instagram";
			};
			name = Release;
		};
		3AF6677E24B3B668008012CE /* Debug */ = {
			isa = XCBuildConfiguration;
			baseConfigurationReference = 979AD59AEFC1C35129B5C8BC /* Pods-Instagram-InstagramUITests.debug.xcconfig */;
			buildSettings = {
				CODE_SIGN_STYLE = Automatic;
				INFOPLIST_FILE = InstagramUITests/Info.plist;
				LD_RUNPATH_SEARCH_PATHS = (
					"$(inherited)",
					"@executable_path/Frameworks",
					"@loader_path/Frameworks",
				);
				PRODUCT_BUNDLE_IDENTIFIER = com.jazgill.InstagramUITests;
				PRODUCT_NAME = "$(TARGET_NAME)";
				TARGETED_DEVICE_FAMILY = "1,2";
				TEST_TARGET_NAME = Instagram;
			};
			name = Debug;
		};
		3AF6677F24B3B668008012CE /* Release */ = {
			isa = XCBuildConfiguration;
			baseConfigurationReference = 8E30BF35EF9D1BBC855EE777 /* Pods-Instagram-InstagramUITests.release.xcconfig */;
			buildSettings = {
				CODE_SIGN_STYLE = Automatic;
				INFOPLIST_FILE = InstagramUITests/Info.plist;
				LD_RUNPATH_SEARCH_PATHS = (
					"$(inherited)",
					"@executable_path/Frameworks",
					"@loader_path/Frameworks",
				);
				PRODUCT_BUNDLE_IDENTIFIER = com.jazgill.InstagramUITests;
				PRODUCT_NAME = "$(TARGET_NAME)";
				TARGETED_DEVICE_FAMILY = "1,2";
				TEST_TARGET_NAME = Instagram;
			};
			name = Release;
		};
/* End XCBuildConfiguration section */

/* Begin XCConfigurationList section */
		3AF6674324B3B667008012CE /* Build configuration list for PBXProject "Instagram" */ = {
			isa = XCConfigurationList;
			buildConfigurations = (
				3AF6677524B3B668008012CE /* Debug */,
				3AF6677624B3B668008012CE /* Release */,
			);
			defaultConfigurationIsVisible = 0;
			defaultConfigurationName = Release;
		};
		3AF6677724B3B668008012CE /* Build configuration list for PBXNativeTarget "Instagram" */ = {
			isa = XCConfigurationList;
			buildConfigurations = (
				3AF6677824B3B668008012CE /* Debug */,
				3AF6677924B3B668008012CE /* Release */,
			);
			defaultConfigurationIsVisible = 0;
			defaultConfigurationName = Release;
		};
		3AF6677A24B3B668008012CE /* Build configuration list for PBXNativeTarget "InstagramTests" */ = {
			isa = XCConfigurationList;
			buildConfigurations = (
				3AF6677B24B3B668008012CE /* Debug */,
				3AF6677C24B3B668008012CE /* Release */,
			);
			defaultConfigurationIsVisible = 0;
			defaultConfigurationName = Release;
		};
		3AF6677D24B3B668008012CE /* Build configuration list for PBXNativeTarget "InstagramUITests" */ = {
			isa = XCConfigurationList;
			buildConfigurations = (
				3AF6677E24B3B668008012CE /* Debug */,
				3AF6677F24B3B668008012CE /* Release */,
			);
			defaultConfigurationIsVisible = 0;
			defaultConfigurationName = Release;
		};
/* End XCConfigurationList section */
	};
	rootObject = 3AF6674024B3B667008012CE /* Project object */;
}
